
Microsoft Visual Studio Solution File, Format Version 12.00
# Visual Studio Version 17
VisualStudioVersion = 17.14.36623.8 d17.14
MinimumVisualStudioVersion = 10.0.40219.1
Project("{8BC9CEB8-8B4A-11D0-8D11-00A0C91BC942}") = "RPS_function", "RPS_function\RPS_function.vcxproj", "{C540A8A2-FFD3-4F09-90B0-79BEA74F294A}"
EndProject
Global
	GlobalSection(SolutionConfigurationPlatforms) = preSolution
		Debug|x64 = Debug|x64
		Debug|x86 = Debug|x86
		Release|x64 = Release|x64
		Release|x86 = Release|x86
	EndGlobalSection
	GlobalSection(ProjectConfigurationPlatforms) = postSolution
		{C540A8A2-FFD3-4F09-90B0-79BEA74F294A}.Debug|x64.ActiveCfg = Debug|x64
		{C540A8A2-FFD3-4F09-90B0-79BEA74F294A}.Debug|x64.Build.0 = Debug|x64
		{C540A8A2-FFD3-4F09-90B0-79BEA74F294A}.Debug|x86.ActiveCfg = Debug|Win32
		{C540A8A2-FFD3-4F09-90B0-79BEA74F294A}.Debug|x86.Build.0 = Debug|Win32
		{C540A8A2-FFD3-4F09-90B0-79BEA74F294A}.Release|x64.ActiveCfg = Release|x64
		{C540A8A2-FFD3-4F09-90B0-79BEA74F294A}.Release|x64.Build.0 = Release|x64
		{C540A8A2-FFD3-4F09-90B0-79BEA74F294A}.Release|x86.ActiveCfg = Release|Win32
		{C540A8A2-FFD3-4F09-90B0-79BEA74F294A}.Release|x86.Build.0 = Release|Win32
	EndGlobalSection
	GlobalSection(SolutionProperties) = preSolution
		HideSolutionNode = FALSE
	EndGlobalSection
	GlobalSection(ExtensibilityGlobals) = postSolution
		SolutionGuid = {BFCCB916-296A-44FD-B3EF-C1E7535C7CC0}
	EndGlobalSection
EndGlobal
